{"version":4,"terraform_version":"1.8.5","serial":9,"lineage":"f8b06cac-7de1-9ab3-78df-1730bc6a2950","outputs":{},"resources":[{"mode":"managed","type":"docker_image","name":"nginx_image","provider":"provider[\"registry.opentofu.org/kreuzwerker/docker\"]","instances":[{"schema_version":0,"attributes":{"build":[{"auth_config":[],"build_arg":{},"build_args":{},"build_id":"","cache_from":[],"cgroup_parent":"","context":".","cpu_period":0,"cpu_quota":0,"cpu_set_cpus":"","cpu_set_mems":"","cpu_shares":0,"dockerfile":"./Dockerfile-nginx","extra_hosts":[],"force_remove":false,"isolation":"","label":{},"labels":{},"memory":0,"memory_swap":0,"network_mode":"","no_cache":false,"platform":"","pull_parent":false,"remote_context":"","remove":true,"security_opt":[],"session_id":"","shm_size":0,"squash":false,"suppress_output":false,"tag":[],"target":"","ulimit":[],"version":""}],"force_remove":null,"id":"sha256:7dc1d1d841c1dfbc10395c50e6824a7dd45f56c00076f27860b4f3d64512ad1anginx:latest","image_id":"sha256:7dc1d1d841c1dfbc10395c50e6824a7dd45f56c00076f27860b4f3d64512ad1a","keep_locally":null,"name":"nginx:latest","platform":null,"pull_triggers":null,"repo_digest":"","triggers":null},"sensitive_attributes":[],"private":"bnVsbA=="}]}],"check_results":null}
